
Microsoft Visual Studio Solution File, Format Version 12.00
Project("{FAE04EC0-301F-11D3-BF4B-00C04F79EFBC}") = "TemplateService", "TemplateService\TemplateService.csproj", "{9A3A07EB-44CD-4427-A1AE-C609DBBAAFFF}"
EndProject
Global
	GlobalSection(SolutionConfigurationPlatforms) = preSolution
		Debug|Any CPU = Debug|Any CPU
		Release|Any CPU = Release|Any CPU
	EndGlobalSection
	GlobalSection(ProjectConfigurationPlatforms) = postSolution
		{9A3A07EB-44CD-4427-A1AE-C609DBBAAFFF}.Debug|Any CPU.ActiveCfg = Debug|Any CPU
		{9A3A07EB-44CD-4427-A1AE-C609DBBAAFFF}.Debug|Any CPU.Build.0 = Debug|Any CPU
		{9A3A07EB-44CD-4427-A1AE-C609DBBAAFFF}.Release|Any CPU.ActiveCfg = Release|Any CPU
		{9A3A07EB-44CD-4427-A1AE-C609DBBAAFFF}.Release|Any CPU.Build.0 = Release|Any CPU
	EndGlobalSection
EndGlobal
